
Microsoft Visual Studio Solution File, Format Version 12.00
# Visual Studio Version 16
VisualStudioVersion = 16.0.31410.357
MinimumVisualStudioVersion = 10.0.40219.1
Project("{FAE04EC0-301F-11D3-BF4B-00C04F79EFBC}") = "Адовые интерфейсы №19", "Адовые интерфейсы №19\Адовые интерфейсы №19.csproj", "{07269F50-746E-4041-9208-1416BC4FB6FD}"
EndProject
Global
	GlobalSection(SolutionConfigurationPlatforms) = preSolution
		Debug|Any CPU = Debug|Any CPU
		Release|Any CPU = Release|Any CPU
	EndGlobalSection
	GlobalSection(ProjectConfigurationPlatforms) = postSolution
		{07269F50-746E-4041-9208-1416BC4FB6FD}.Debug|Any CPU.ActiveCfg = Debug|Any CPU
		{07269F50-746E-4041-9208-1416BC4FB6FD}.Debug|Any CPU.Build.0 = Debug|Any CPU
		{07269F50-746E-4041-9208-1416BC4FB6FD}.Release|Any CPU.ActiveCfg = Release|Any CPU
		{07269F50-746E-4041-9208-1416BC4FB6FD}.Release|Any CPU.Build.0 = Release|Any CPU
	EndGlobalSection
	GlobalSection(SolutionProperties) = preSolution
		HideSolutionNode = FALSE
	EndGlobalSection
	GlobalSection(ExtensibilityGlobals) = postSolution
		SolutionGuid = {4153EEE3-4139-4719-B7C1-2D4CD83B2CD4}
	EndGlobalSection
EndGlobal
